// !$*UTF8*$!
{
	archiveVersion = 1;
	classes = {
	};
	objectVersion = 56;
	objects = {

/* Begin PBXBuildFile section */
		0A552EE92AE3F7FE00FEA576 /* Reset.swift in Sources */ = {isa = PBXBuildFile; fileRef = 0A552EE82AE3F7FE00FEA576 /* Reset.swift */; };
		0A86D0E82AAAF20E00E2B60E /* Server_MonitorApp.swift in Sources */ = {isa = PBXBuildFile; fileRef = 0A86D0E72AAAF20E00E2B60E /* Server_MonitorApp.swift */; };
		0A86D0EA2AAAF20E00E2B60E /* ContentView.swift in Sources */ = {isa = PBXBuildFile; fileRef = 0A86D0E92AAAF20E00E2B60E /* ContentView.swift */; };
		0A86D0EC2AAAF21300E2B60E /* Assets.xcassets in Resources */ = {isa = PBXBuildFile; fileRef = 0A86D0EB2AAAF21300E2B60E /* Assets.xcassets */; };
		0A86D0F02AAAF21300E2B60E /* Preview Assets.xcassets in Resources */ = {isa = PBXBuildFile; fileRef = 0A86D0EF2AAAF21300E2B60E /* Preview Assets.xcassets */; };
		0A86D0F82AAAF2DA00E2B60E /* MainPage.swift in Sources */ = {isa = PBXBuildFile; fileRef = 0A86D0F72AAAF2DA00E2B60E /* MainPage.swift */; };
		0A86D0FA2AAAF2EB00E2B60E /* SettingsPage.swift in Sources */ = {isa = PBXBuildFile; fileRef = 0A86D0F92AAAF2EB00E2B60E /* SettingsPage.swift */; };
		0A86E0552AAB2DDD00D11461 /* Kingfisher in Frameworks */ = {isa = PBXBuildFile; productRef = 0A86E0542AAB2DDD00D11461 /* Kingfisher */; };
		0A93BFE32B418D42005D8D9B /* Dictionary.swift in Sources */ = {isa = PBXBuildFile; fileRef = 0A93BFE22B418D42005D8D9B /* Dictionary.swift */; };
		0A9933692B1261A8004846B5 /* Anitom in Frameworks */ = {isa = PBXBuildFile; productRef = 0A9933682B1261A8004846B5 /* Anitom */; };
		0AB52B652AE0181D00C369AD /* MotionCapture.swift in Sources */ = {isa = PBXBuildFile; fileRef = 0AB52B642AE0181D00C369AD /* MotionCapture.swift */; };
		0AB52B672AE02B9200C369AD /* FindDeviceOrientation.swift in Sources */ = {isa = PBXBuildFile; fileRef = 0AB52B662AE02B9200C369AD /* FindDeviceOrientation.swift */; };
		0AB54D722ABBEC4D00D2C255 /* RoundedBackground.swift in Sources */ = {isa = PBXBuildFile; fileRef = 0AB54D712ABBEC4D00D2C255 /* RoundedBackground.swift */; };
		0ACAEE2F2B4AB14A0094A6C0 /* Starscream in Frameworks */ = {isa = PBXBuildFile; productRef = 0ACAEE2E2B4AB14A0094A6C0 /* Starscream */; };
		0AD5A9E82B0C7BAA00D46DBE /* CopyrightDisclaimer.swift in Sources */ = {isa = PBXBuildFile; fileRef = 0AD5A9E72B0C7BAA00D46DBE /* CopyrightDisclaimer.swift */; };
		0AE022C32AAAF7E9001F0D8C /* HotaruData.swift in Sources */ = {isa = PBXBuildFile; fileRef = 0AE022C22AAAF7E9001F0D8C /* HotaruData.swift */; };
		0AE022C52AAAF89B001F0D8C /* DataFactory.swift in Sources */ = {isa = PBXBuildFile; fileRef = 0AE022C42AAAF89B001F0D8C /* DataFactory.swift */; };
		0AE022C82AAAF996001F0D8C /* Alamofire in Frameworks */ = {isa = PBXBuildFile; productRef = 0AE022C72AAAF996001F0D8C /* Alamofire */; };
		0AE022CB2AAAF9D3001F0D8C /* UniversalServer.swift in Sources */ = {isa = PBXBuildFile; fileRef = 0AE022CA2AAAF9D3001F0D8C /* UniversalServer.swift */; };
		0AE022CE2AAAFDB0001F0D8C /* NetworkManager.swift in Sources */ = {isa = PBXBuildFile; fileRef = 0AE022CD2AAAFDB0001F0D8C /* NetworkManager.swift */; };
		0AE022D02AAAFEF8001F0D8C /* MonitorType.swift in Sources */ = {isa = PBXBuildFile; fileRef = 0AE022CF2AAAFEF8001F0D8C /* MonitorType.swift */; };
		0AE022D22AAAFFF6001F0D8C /* ServerProvider.swift in Sources */ = {isa = PBXBuildFile; fileRef = 0AE022D12AAAFFF6001F0D8C /* ServerProvider.swift */; };
		0AE022D42AAB0006001F0D8C /* UniversalServerGroup.swift in Sources */ = {isa = PBXBuildFile; fileRef = 0AE022D32AAB0006001F0D8C /* UniversalServerGroup.swift */; };
		0AE022D62AAB0D8F001F0D8C /* ServerCardView.swift in Sources */ = {isa = PBXBuildFile; fileRef = 0AE022D52AAB0D8F001F0D8C /* ServerCardView.swift */; };
		0AE022D82AAB1136001F0D8C /* README.md in Resources */ = {isa = PBXBuildFile; fileRef = 0AE022D72AAB1136001F0D8C /* README.md */; };
		0AE6D3932B6E232400E09E09 /* CpplaData.swift in Sources */ = {isa = PBXBuildFile; fileRef = 0AE6D3922B6E232400E09E09 /* CpplaData.swift */; };
		0AE6D3952B6E2CD400E09E09 /* RandomSomething.swift in Sources */ = {isa = PBXBuildFile; fileRef = 0AE6D3942B6E2CD400E09E09 /* RandomSomething.swift */; };
/* End PBXBuildFile section */

/* Begin PBXFileReference section */
		0A552EE82AE3F7FE00FEA576 /* Reset.swift */ = {isa = PBXFileReference; lastKnownFileType = sourcecode.swift; path = Reset.swift; sourceTree = "<group>"; };
		0A86D0E42AAAF20E00E2B60E /* Server Monitor.app */ = {isa = PBXFileReference; explicitFileType = wrapper.application; includeInIndex = 0; path = "Server Monitor.app"; sourceTree = BUILT_PRODUCTS_DIR; };
		0A86D0E72AAAF20E00E2B60E /* Server_MonitorApp.swift */ = {isa = PBXFileReference; lastKnownFileType = sourcecode.swift; path = Server_MonitorApp.swift; sourceTree = "<group>"; };
		0A86D0E92AAAF20E00E2B60E /* ContentView.swift */ = {isa = PBXFileReference; lastKnownFileType = sourcecode.swift; path = ContentView.swift; sourceTree = "<group>"; };
		0A86D0EB2AAAF21300E2B60E /* Assets.xcassets */ = {isa = PBXFileReference; lastKnownFileType = folder.assetcatalog; path = Assets.xcassets; sourceTree = "<group>"; };
		0A86D0ED2AAAF21300E2B60E /* Server_Monitor.entitlements */ = {isa = PBXFileReference; lastKnownFileType = text.plist.entitlements; path = Server_Monitor.entitlements; sourceTree = "<group>"; };
		0A86D0EF2AAAF21300E2B60E /* Preview Assets.xcassets */ = {isa = PBXFileReference; lastKnownFileType = folder.assetcatalog; path = "Preview Assets.xcassets"; sourceTree = "<group>"; };
		0A86D0F72AAAF2DA00E2B60E /* MainPage.swift */ = {isa = PBXFileReference; lastKnownFileType = sourcecode.swift; path = MainPage.swift; sourceTree = "<group>"; };
		0A86D0F92AAAF2EB00E2B60E /* SettingsPage.swift */ = {isa = PBXFileReference; lastKnownFileType = sourcecode.swift; path = SettingsPage.swift; sourceTree = "<group>"; };
		0A93BFE22B418D42005D8D9B /* Dictionary.swift */ = {isa = PBXFileReference; lastKnownFileType = sourcecode.swift; path = Dictionary.swift; sourceTree = "<group>"; };
		0AB52B642AE0181D00C369AD /* MotionCapture.swift */ = {isa = PBXFileReference; lastKnownFileType = sourcecode.swift; path = MotionCapture.swift; sourceTree = "<group>"; };
		0AB52B662AE02B9200C369AD /* FindDeviceOrientation.swift */ = {isa = PBXFileReference; lastKnownFileType = sourcecode.swift; path = FindDeviceOrientation.swift; sourceTree = "<group>"; };
		0AB54D712ABBEC4D00D2C255 /* RoundedBackground.swift */ = {isa = PBXFileReference; lastKnownFileType = sourcecode.swift; path = RoundedBackground.swift; sourceTree = "<group>"; };
		0AD5A9E72B0C7BAA00D46DBE /* CopyrightDisclaimer.swift */ = {isa = PBXFileReference; lastKnownFileType = sourcecode.swift; path = CopyrightDisclaimer.swift; sourceTree = "<group>"; };
		0AE022C22AAAF7E9001F0D8C /* HotaruData.swift */ = {isa = PBXFileReference; lastKnownFileType = sourcecode.swift; path = HotaruData.swift; sourceTree = "<group>"; };
		0AE022C42AAAF89B001F0D8C /* DataFactory.swift */ = {isa = PBXFileReference; lastKnownFileType = sourcecode.swift; path = DataFactory.swift; sourceTree = "<group>"; };
		0AE022CA2AAAF9D3001F0D8C /* UniversalServer.swift */ = {isa = PBXFileReference; lastKnownFileType = sourcecode.swift; path = UniversalServer.swift; sourceTree = "<group>"; };
		0AE022CD2AAAFDB0001F0D8C /* NetworkManager.swift */ = {isa = PBXFileReference; lastKnownFileType = sourcecode.swift; path = NetworkManager.swift; sourceTree = "<group>"; };
		0AE022CF2AAAFEF8001F0D8C /* MonitorType.swift */ = {isa = PBXFileReference; lastKnownFileType = sourcecode.swift; path = MonitorType.swift; sourceTree = "<group>"; };
		0AE022D12AAAFFF6001F0D8C /* ServerProvider.swift */ = {isa = PBXFileReference; lastKnownFileType = sourcecode.swift; path = ServerProvider.swift; sourceTree = "<group>"; };
		0AE022D32AAB0006001F0D8C /* UniversalServerGroup.swift */ = {isa = PBXFileReference; lastKnownFileType = sourcecode.swift; path = UniversalServerGroup.swift; sourceTree = "<group>"; };
		0AE022D52AAB0D8F001F0D8C /* ServerCardView.swift */ = {isa = PBXFileReference; lastKnownFileType = sourcecode.swift; path = ServerCardView.swift; sourceTree = "<group>"; };
		0AE022D72AAB1136001F0D8C /* README.md */ = {isa = PBXFileReference; fileEncoding = 4; lastKnownFileType = net.daringfireball.markdown; path = README.md; sourceTree = SOURCE_ROOT; };
		0AE6D3922B6E232400E09E09 /* CpplaData.swift */ = {isa = PBXFileReference; lastKnownFileType = sourcecode.swift; path = CpplaData.swift; sourceTree = "<group>"; };
		0AE6D3942B6E2CD400E09E09 /* RandomSomething.swift */ = {isa = PBXFileReference; lastKnownFileType = sourcecode.swift; path = RandomSomething.swift; sourceTree = "<group>"; };
/* End PBXFileReference section */

/* Begin PBXFrameworksBuildPhase section */
		0A86D0E12AAAF20E00E2B60E /* Frameworks */ = {
			isa = PBXFrameworksBuildPhase;
			buildActionMask = 2147483647;
			files = (
				0A9933692B1261A8004846B5 /* Anitom in Frameworks */,
				0A86E0552AAB2DDD00D11461 /* Kingfisher in Frameworks */,
				0AE022C82AAAF996001F0D8C /* Alamofire in Frameworks */,
				0ACAEE2F2B4AB14A0094A6C0 /* Starscream in Frameworks */,
			);
			runOnlyForDeploymentPostprocessing = 0;
		};
/* End PBXFrameworksBuildPhase section */

/* Begin PBXGroup section */
		0A552EE72AE3F7C800FEA576 /* Utils */ = {
			isa = PBXGroup;
			children = (
				0AB52B642AE0181D00C369AD /* MotionCapture.swift */,
				0AB52B662AE02B9200C369AD /* FindDeviceOrientation.swift */,
				0A552EE82AE3F7FE00FEA576 /* Reset.swift */,
				0A93BFE22B418D42005D8D9B /* Dictionary.swift */,
				0AE6D3942B6E2CD400E09E09 /* RandomSomething.swift */,
			);
			path = Utils;
			sourceTree = "<group>";
		};
		0A86D0DB2AAAF20E00E2B60E = {
			isa = PBXGroup;
			children = (
				0A86D0E62AAAF20E00E2B60E /* Server Monitor */,
				0A86D0E52AAAF20E00E2B60E /* Products */,
			);
			sourceTree = "<group>";
		};
		0A86D0E52AAAF20E00E2B60E /* Products */ = {
			isa = PBXGroup;
			children = (
				0A86D0E42AAAF20E00E2B60E /* Server Monitor.app */,
			);
			name = Products;
			sourceTree = "<group>";
		};
		0A86D0E62AAAF20E00E2B60E /* Server Monitor */ = {
			isa = PBXGroup;
			children = (
				0A552EE72AE3F7C800FEA576 /* Utils */,
				0A86D0F62AAAF2B800E2B60E /* Views */,
				0AC20B862AAAF672004D2318 /* DataDef */,
				0AE022CC2AAAFD71001F0D8C /* DataKeeper */,
				0A86D0E72AAAF20E00E2B60E /* Server_MonitorApp.swift */,
				0A86D0EB2AAAF21300E2B60E /* Assets.xcassets */,
				0A86D0ED2AAAF21300E2B60E /* Server_Monitor.entitlements */,
				0AE022D72AAB1136001F0D8C /* README.md */,
				0A86D0EE2AAAF21300E2B60E /* Preview Content */,
			);
			path = "Server Monitor";
			sourceTree = "<group>";
		};
		0A86D0EE2AAAF21300E2B60E /* Preview Content */ = {
			isa = PBXGroup;
			children = (
				0A86D0EF2AAAF21300E2B60E /* Preview Assets.xcassets */,
			);
			path = "Preview Content";
			sourceTree = "<group>";
		};
		0A86D0F62AAAF2B800E2B60E /* Views */ = {
			isa = PBXGroup;
			children = (
				0A86D0E92AAAF20E00E2B60E /* ContentView.swift */,
				0AB54D712ABBEC4D00D2C255 /* RoundedBackground.swift */,
				0A86D0FB2AAAF2F000E2B60E /* Main */,
				0A86D0FC2AAAF2F600E2B60E /* Settings */,
			);
			path = Views;
			sourceTree = "<group>";
		};
		0A86D0FB2AAAF2F000E2B60E /* Main */ = {
			isa = PBXGroup;
			children = (
				0A86D0F72AAAF2DA00E2B60E /* MainPage.swift */,
				0AE022D52AAB0D8F001F0D8C /* ServerCardView.swift */,
			);
			path = Main;
			sourceTree = "<group>";
		};
		0A86D0FC2AAAF2F600E2B60E /* Settings */ = {
			isa = PBXGroup;
			children = (
				0A86D0F92AAAF2EB00E2B60E /* SettingsPage.swift */,
				0AD5A9E72B0C7BAA00D46DBE /* CopyrightDisclaimer.swift */,
			);
			path = Settings;
			sourceTree = "<group>";
		};
		0A86E05E2AAB77EF00D11461 /* Monitor */ = {
			isa = PBXGroup;
			children = (
				0AE022CF2AAAFEF8001F0D8C /* MonitorType.swift */,
			);
			path = Monitor;
			sourceTree = "<group>";
		};
		0AC20B862AAAF672004D2318 /* DataDef */ = {
			isa = PBXGroup;
			children = (
				0A86E05E2AAB77EF00D11461 /* Monitor */,
				0AE022C92AAAF9A9001F0D8C /* Server */,
			);
			path = DataDef;
			sourceTree = "<group>";
		};
		0AC20B872AAAF72C004D2318 /* Hotaru */ = {
			isa = PBXGroup;
			children = (
				0AE022C22AAAF7E9001F0D8C /* HotaruData.swift */,
			);
			path = Hotaru;
			sourceTree = "<group>";
		};
		0AE022C92AAAF9A9001F0D8C /* Server */ = {
			isa = PBXGroup;
			children = (
				0AE022D32AAB0006001F0D8C /* UniversalServerGroup.swift */,
				0AE022CA2AAAF9D3001F0D8C /* UniversalServer.swift */,
				0AE022C42AAAF89B001F0D8C /* DataFactory.swift */,
				0AE6D3912B6E22CD00E09E09 /* Cppla */,
				0AC20B872AAAF72C004D2318 /* Hotaru */,
			);
			path = Server;
			sourceTree = "<group>";
		};
		0AE022CC2AAAFD71001F0D8C /* DataKeeper */ = {
			isa = PBXGroup;
			children = (
				0AE022CD2AAAFDB0001F0D8C /* NetworkManager.swift */,
				0AE022D12AAAFFF6001F0D8C /* ServerProvider.swift */,
			);
			path = DataKeeper;
			sourceTree = "<group>";
		};
		0AE6D3912B6E22CD00E09E09 /* Cppla */ = {
			isa = PBXGroup;
			children = (
				0AE6D3922B6E232400E09E09 /* CpplaData.swift */,
			);
			path = Cppla;
			sourceTree = "<group>";
		};
/* End PBXGroup section */

/* Begin PBXNativeTarget section */
		0A86D0E32AAAF20E00E2B60E /* Server Monitor */ = {
			isa = PBXNativeTarget;
			buildConfigurationList = 0A86D0F32AAAF21300E2B60E /* Build configuration list for PBXNativeTarget "Server Monitor" */;
			buildPhases = (
				0A86D0E02AAAF20E00E2B60E /* Sources */,
				0A86D0E12AAAF20E00E2B60E /* Frameworks */,
				0A86D0E22AAAF20E00E2B60E /* Resources */,
			);
			buildRules = (
			);
			dependencies = (
			);
			name = "Server Monitor";
			packageProductDependencies = (
				0AE022C72AAAF996001F0D8C /* Alamofire */,
				0A86E0542AAB2DDD00D11461 /* Kingfisher */,
				0A9933682B1261A8004846B5 /* Anitom */,
				0ACAEE2E2B4AB14A0094A6C0 /* Starscream */,
			);
			productName = "Server Monitor";
			productReference = 0A86D0E42AAAF20E00E2B60E /* Server Monitor.app */;
			productType = "com.apple.product-type.application";
		};
/* End PBXNativeTarget section */

/* Begin PBXProject section */
		0A86D0DC2AAAF20E00E2B60E /* Project object */ = {
			isa = PBXProject;
			attributes = {
				BuildIndependentTargetsInParallel = 1;
				LastSwiftUpdateCheck = 1500;
				LastUpgradeCheck = 1500;
				TargetAttributes = {
					0A86D0E32AAAF20E00E2B60E = {
						CreatedOnToolsVersion = 15.0;
					};
				};
			};
			buildConfigurationList = 0A86D0DF2AAAF20E00E2B60E /* Build configuration list for PBXProject "Server Monitor" */;
			compatibilityVersion = "Xcode 14.0";
			developmentRegion = en;
			hasScannedForEncodings = 0;
			knownRegions = (
				en,
				Base,
			);
			mainGroup = 0A86D0DB2AAAF20E00E2B60E;
			packageReferences = (
				0AE022C62AAAF996001F0D8C /* XCRemoteSwiftPackageReference "Alamofire" */,
				0A86E0532AAB2DDD00D11461 /* XCRemoteSwiftPackageReference "Kingfisher" */,
				0A9933672B1261A8004846B5 /* XCRemoteSwiftPackageReference "Anitom" */,
				0ACAEE2D2B4AB14A0094A6C0 /* XCRemoteSwiftPackageReference "Starscream" */,
			);
			productRefGroup = 0A86D0E52AAAF20E00E2B60E /* Products */;
			projectDirPath = "";
			projectRoot = "";
			targets = (
				0A86D0E32AAAF20E00E2B60E /* Server Monitor */,
			);
		};
/* End PBXProject section */

/* Begin PBXResourcesBuildPhase section */
		0A86D0E22AAAF20E00E2B60E /* Resources */ = {
			isa = PBXResourcesBuildPhase;
			buildActionMask = 2147483647;
			files = (
				0AE022D82AAB1136001F0D8C /* README.md in Resources */,
				0A86D0F02AAAF21300E2B60E /* Preview Assets.xcassets in Resources */,
				0A86D0EC2AAAF21300E2B60E /* Assets.xcassets in Resources */,
			);
			runOnlyForDeploymentPostprocessing = 0;
		};
/* End PBXResourcesBuildPhase section */

/* Begin PBXSourcesBuildPhase section */
		0A86D0E02AAAF20E00E2B60E /* Sources */ = {
			isa = PBXSourcesBuildPhase;
			buildActionMask = 2147483647;
			files = (
				0A86D0EA2AAAF20E00E2B60E /* ContentView.swift in Sources */,
				0AE022D02AAAFEF8001F0D8C /* MonitorType.swift in Sources */,
				0AE022D42AAB0006001F0D8C /* UniversalServerGroup.swift in Sources */,
				0AE022D62AAB0D8F001F0D8C /* ServerCardView.swift in Sources */,
				0A86D0E82AAAF20E00E2B60E /* Server_MonitorApp.swift in Sources */,
				0AE022CB2AAAF9D3001F0D8C /* UniversalServer.swift in Sources */,
				0A86D0F82AAAF2DA00E2B60E /* MainPage.swift in Sources */,
				0AE6D3952B6E2CD400E09E09 /* RandomSomething.swift in Sources */,
				0AE022CE2AAAFDB0001F0D8C /* NetworkManager.swift in Sources */,
				0AE022C32AAAF7E9001F0D8C /* HotaruData.swift in Sources */,
				0A552EE92AE3F7FE00FEA576 /* Reset.swift in Sources */,
				0AB52B672AE02B9200C369AD /* FindDeviceOrientation.swift in Sources */,
				0A86D0FA2AAAF2EB00E2B60E /* SettingsPage.swift in Sources */,
				0AE6D3932B6E232400E09E09 /* CpplaData.swift in Sources */,
				0A93BFE32B418D42005D8D9B /* Dictionary.swift in Sources */,
				0AE022C52AAAF89B001F0D8C /* DataFactory.swift in Sources */,
				0AB54D722ABBEC4D00D2C255 /* RoundedBackground.swift in Sources */,
				0AB52B652AE0181D00C369AD /* MotionCapture.swift in Sources */,
				0AD5A9E82B0C7BAA00D46DBE /* CopyrightDisclaimer.swift in Sources */,
				0AE022D22AAAFFF6001F0D8C /* ServerProvider.swift in Sources */,
			);
			runOnlyForDeploymentPostprocessing = 0;
		};
/* End PBXSourcesBuildPhase section */

/* Begin XCBuildConfiguration section */
		0A86D0F12AAAF21300E2B60E /* Debug */ = {
			isa = XCBuildConfiguration;
			buildSettings = {
				ALWAYS_SEARCH_USER_PATHS = NO;
				ASSETCATALOG_COMPILER_GENERATE_SWIFT_ASSET_SYMBOL_EXTENSIONS = YES;
				CLANG_ANALYZER_NONNULL = YES;
				CLANG_ANALYZER_NUMBER_OBJECT_CONVERSION = YES_AGGRESSIVE;
				CLANG_CXX_LANGUAGE_STANDARD = "gnu++20";
				CLANG_ENABLE_MODULES = YES;
				CLANG_ENABLE_OBJC_ARC = YES;
				CLANG_ENABLE_OBJC_WEAK = YES;
				CLANG_WARN_BLOCK_CAPTURE_AUTORELEASING = YES;
				CLANG_WARN_BOOL_CONVERSION = YES;
				CLANG_WARN_COMMA = YES;
				CLANG_WARN_CONSTANT_CONVERSION = YES;
				CLANG_WARN_DEPRECATED_OBJC_IMPLEMENTATIONS = YES;
				CLANG_WARN_DIRECT_OBJC_ISA_USAGE = YES_ERROR;
				CLANG_WARN_DOCUMENTATION_COMMENTS = YES;
				CLANG_WARN_EMPTY_BODY = YES;
				CLANG_WARN_ENUM_CONVERSION = YES;
				CLANG_WARN_INFINITE_RECURSION = YES;
				CLANG_WARN_INT_CONVERSION = YES;
				CLANG_WARN_NON_LITERAL_NULL_CONVERSION = YES;
				CLANG_WARN_OBJC_IMPLICIT_RETAIN_SELF = YES;
				CLANG_WARN_OBJC_LITERAL_CONVERSION = YES;
				CLANG_WARN_OBJC_ROOT_CLASS = YES_ERROR;
				CLANG_WARN_QUOTED_INCLUDE_IN_FRAMEWORK_HEADER = YES;
				CLANG_WARN_RANGE_LOOP_ANALYSIS = YES;
				CLANG_WARN_STRICT_PROTOTYPES = YES;
				CLANG_WARN_SUSPICIOUS_MOVE = YES;
				CLANG_WARN_UNGUARDED_AVAILABILITY = YES_AGGRESSIVE;
				CLANG_WARN_UNREACHABLE_CODE = YES;
				CLANG_WARN__DUPLICATE_METHOD_MATCH = YES;
				COPY_PHASE_STRIP = NO;
				DEBUG_INFORMATION_FORMAT = dwarf;
				ENABLE_STRICT_OBJC_MSGSEND = YES;
				ENABLE_TESTABILITY = YES;
				ENABLE_USER_SCRIPT_SANDBOXING = YES;
				GCC_C_LANGUAGE_STANDARD = gnu17;
				GCC_DYNAMIC_NO_PIC = NO;
				GCC_NO_COMMON_BLOCKS = YES;
				GCC_OPTIMIZATION_LEVEL = 0;
				GCC_PREPROCESSOR_DEFINITIONS = (
					"DEBUG=1",
					"$(inherited)",
				);
				GCC_WARN_64_TO_32_BIT_CONVERSION = YES;
				GCC_WARN_ABOUT_RETURN_TYPE = YES_ERROR;
				GCC_WARN_UNDECLARED_SELECTOR = YES;
				GCC_WARN_UNINITIALIZED_AUTOS = YES_AGGRESSIVE;
				GCC_WARN_UNUSED_FUNCTION = YES;
				GCC_WARN_UNUSED_VARIABLE = YES;
				LOCALIZATION_PREFERS_STRING_CATALOGS = YES;
				MTL_ENABLE_DEBUG_INFO = INCLUDE_SOURCE;
				MTL_FAST_MATH = YES;
				ONLY_ACTIVE_ARCH = YES;
				SWIFT_ACTIVE_COMPILATION_CONDITIONS = "DEBUG $(inherited)";
				SWIFT_OPTIMIZATION_LEVEL = "-Onone";
			};
			name = Debug;
		};
		0A86D0F22AAAF21300E2B60E /* Release */ = {
			isa = XCBuildConfiguration;
			buildSettings = {
				ALWAYS_SEARCH_USER_PATHS = NO;
				ASSETCATALOG_COMPILER_GENERATE_SWIFT_ASSET_SYMBOL_EXTENSIONS = YES;
				CLANG_ANALYZER_NONNULL = YES;
				CLANG_ANALYZER_NUMBER_OBJECT_CONVERSION = YES_AGGRESSIVE;
				CLANG_CXX_LANGUAGE_STANDARD = "gnu++20";
				CLANG_ENABLE_MODULES = YES;
				CLANG_ENABLE_OBJC_ARC = YES;
				CLANG_ENABLE_OBJC_WEAK = YES;
				CLANG_WARN_BLOCK_CAPTURE_AUTORELEASING = YES;
				CLANG_WARN_BOOL_CONVERSION = YES;
				CLANG_WARN_COMMA = YES;
				CLANG_WARN_CONSTANT_CONVERSION = YES;
				CLANG_WARN_DEPRECATED_OBJC_IMPLEMENTATIONS = YES;
				CLANG_WARN_DIRECT_OBJC_ISA_USAGE = YES_ERROR;
				CLANG_WARN_DOCUMENTATION_COMMENTS = YES;
				CLANG_WARN_EMPTY_BODY = YES;
				CLANG_WARN_ENUM_CONVERSION = YES;
				CLANG_WARN_INFINITE_RECURSION = YES;
				CLANG_WARN_INT_CONVERSION = YES;
				CLANG_WARN_NON_LITERAL_NULL_CONVERSION = YES;
				CLANG_WARN_OBJC_IMPLICIT_RETAIN_SELF = YES;
				CLANG_WARN_OBJC_LITERAL_CONVERSION = YES;
				CLANG_WARN_OBJC_ROOT_CLASS = YES_ERROR;
				CLANG_WARN_QUOTED_INCLUDE_IN_FRAMEWORK_HEADER = YES;
				CLANG_WARN_RANGE_LOOP_ANALYSIS = YES;
				CLANG_WARN_STRICT_PROTOTYPES = YES;
				CLANG_WARN_SUSPICIOUS_MOVE = YES;
				CLANG_WARN_UNGUARDED_AVAILABILITY = YES_AGGRESSIVE;
				CLANG_WARN_UNREACHABLE_CODE = YES;
				CLANG_WARN__DUPLICATE_METHOD_MATCH = YES;
				COPY_PHASE_STRIP = NO;
				DEBUG_INFORMATION_FORMAT = "dwarf-with-dsym";
				ENABLE_NS_ASSERTIONS = NO;
				ENABLE_STRICT_OBJC_MSGSEND = YES;
				ENABLE_USER_SCRIPT_SANDBOXING = YES;
				GCC_C_LANGUAGE_STANDARD = gnu17;
				GCC_NO_COMMON_BLOCKS = YES;
				GCC_WARN_64_TO_32_BIT_CONVERSION = YES;
				GCC_WARN_ABOUT_RETURN_TYPE = YES_ERROR;
				GCC_WARN_UNDECLARED_SELECTOR = YES;
				GCC_WARN_UNINITIALIZED_AUTOS = YES_AGGRESSIVE;
				GCC_WARN_UNUSED_FUNCTION = YES;
				GCC_WARN_UNUSED_VARIABLE = YES;
				LOCALIZATION_PREFERS_STRING_CATALOGS = YES;
				MTL_ENABLE_DEBUG_INFO = NO;
				MTL_FAST_MATH = YES;
				SWIFT_COMPILATION_MODE = wholemodule;
			};
			name = Release;
		};
		0A86D0F42AAAF21300E2B60E /* Debug */ = {
			isa = XCBuildConfiguration;
			buildSettings = {
				ASSETCATALOG_COMPILER_APPICON_NAME = AppIcon;
				ASSETCATALOG_COMPILER_GLOBAL_ACCENT_COLOR_NAME = AccentColor;
				CODE_SIGN_ENTITLEMENTS = "Server Monitor/Server_Monitor.entitlements";
				CODE_SIGN_STYLE = Automatic;
				CURRENT_PROJECT_VERSION = 1;
				DEVELOPMENT_ASSET_PATHS = "\"Server Monitor/Preview Content\"";
				DEVELOPMENT_TEAM = 4L8444Q855;
				ENABLE_HARDENED_RUNTIME = YES;
				ENABLE_PREVIEWS = YES;
				GENERATE_INFOPLIST_FILE = YES;
				INFOPLIST_KEY_LSApplicationCategoryType = "public.app-category.productivity";
				"INFOPLIST_KEY_UIApplicationSceneManifest_Generation[sdk=iphoneos*]" = YES;
				"INFOPLIST_KEY_UIApplicationSceneManifest_Generation[sdk=iphonesimulator*]" = YES;
				"INFOPLIST_KEY_UIApplicationSupportsIndirectInputEvents[sdk=iphoneos*]" = YES;
				"INFOPLIST_KEY_UIApplicationSupportsIndirectInputEvents[sdk=iphonesimulator*]" = YES;
				"INFOPLIST_KEY_UILaunchScreen_Generation[sdk=iphoneos*]" = YES;
				"INFOPLIST_KEY_UILaunchScreen_Generation[sdk=iphonesimulator*]" = YES;
				"INFOPLIST_KEY_UIStatusBarStyle[sdk=iphoneos*]" = UIStatusBarStyleDefault;
				"INFOPLIST_KEY_UIStatusBarStyle[sdk=iphonesimulator*]" = UIStatusBarStyleDefault;
				INFOPLIST_KEY_UISupportedInterfaceOrientations_iPad = "UIInterfaceOrientationPortrait UIInterfaceOrientationPortraitUpsideDown UIInterfaceOrientationLandscapeLeft UIInterfaceOrientationLandscapeRight";
				INFOPLIST_KEY_UISupportedInterfaceOrientations_iPhone = "UIInterfaceOrientationPortrait UIInterfaceOrientationLandscapeLeft UIInterfaceOrientationLandscapeRight";
				IPHONEOS_DEPLOYMENT_TARGET = 15.0;
				"IPHONEOS_DEPLOYMENT_TARGET[sdk=macosx*]" = 15.0;
				LD_RUNPATH_SEARCH_PATHS = "@executable_path/Frameworks";
				"LD_RUNPATH_SEARCH_PATHS[sdk=macosx*]" = "@executable_path/../Frameworks";
				MACOSX_DEPLOYMENT_TARGET = 13.0;
				MARKETING_VERSION = 1.0;
				PRODUCT_BUNDLE_IDENTIFIER = "weiruik.Server-Monitor";
				PRODUCT_NAME = "$(TARGET_NAME)";
				SDKROOT = auto;
				SUPPORTED_PLATFORMS = "iphoneos iphonesimulator";
				SUPPORTS_MACCATALYST = YES;
				SUPPORTS_MAC_DESIGNED_FOR_IPHONE_IPAD = NO;
				SWIFT_EMIT_LOC_STRINGS = YES;
				SWIFT_VERSION = 5.0;
				TARGETED_DEVICE_FAMILY = "1,2";
			};
			name = Debug;
		};
		0A86D0F52AAAF21300E2B60E /* Release */ = {
			isa = XCBuildConfiguration;
			buildSettings = {
				ASSETCATALOG_COMPILER_APPICON_NAME = AppIcon;
				ASSETCATALOG_COMPILER_GLOBAL_ACCENT_COLOR_NAME = AccentColor;
				CODE_SIGN_ENTITLEMENTS = "Server Monitor/Server_Monitor.entitlements";
				CODE_SIGN_STYLE = Automatic;
				CURRENT_PROJECT_VERSION = 1;
				DEVELOPMENT_ASSET_PATHS = "\"Server Monitor/Preview Content\"";
				DEVELOPMENT_TEAM = 4L8444Q855;
				ENABLE_HARDENED_RUNTIME = YES;
				ENABLE_PREVIEWS = YES;
				GENERATE_INFOPLIST_FILE = YES;
				INFOPLIST_KEY_LSApplicationCategoryType = "public.app-category.productivity";
				"INFOPLIST_KEY_UIApplicationSceneManifest_Generation[sdk=iphoneos*]" = YES;
				"INFOPLIST_KEY_UIApplicationSceneManifest_Generation[sdk=iphonesimulator*]" = YES;
				"INFOPLIST_KEY_UIApplicationSupportsIndirectInputEvents[sdk=iphoneos*]" = YES;
				"INFOPLIST_KEY_UIApplicationSupportsIndirectInputEvents[sdk=iphonesimulator*]" = YES;
				"INFOPLIST_KEY_UILaunchScreen_Generation[sdk=iphoneos*]" = YES;
				"INFOPLIST_KEY_UILaunchScreen_Generation[sdk=iphonesimulator*]" = YES;
				"INFOPLIST_KEY_UIStatusBarStyle[sdk=iphoneos*]" = UIStatusBarStyleDefault;
				"INFOPLIST_KEY_UIStatusBarStyle[sdk=iphonesimulator*]" = UIStatusBarStyleDefault;
				INFOPLIST_KEY_UISupportedInterfaceOrientations_iPad = "UIInterfaceOrientationPortrait UIInterfaceOrientationPortraitUpsideDown UIInterfaceOrientationLandscapeLeft UIInterfaceOrientationLandscapeRight";
				INFOPLIST_KEY_UISupportedInterfaceOrientations_iPhone = "UIInterfaceOrientationPortrait UIInterfaceOrientationLandscapeLeft UIInterfaceOrientationLandscapeRight";
				IPHONEOS_DEPLOYMENT_TARGET = 15.0;
				LD_RUNPATH_SEARCH_PATHS = "@executable_path/Frameworks";
				"LD_RUNPATH_SEARCH_PATHS[sdk=macosx*]" = "@executable_path/../Frameworks";
				MACOSX_DEPLOYMENT_TARGET = 13.0;
				MARKETING_VERSION = 1.0;
				PRODUCT_BUNDLE_IDENTIFIER = "weiruik.Server-Monitor";
				PRODUCT_NAME = "$(TARGET_NAME)";
				SDKROOT = auto;
				SUPPORTED_PLATFORMS = "iphoneos iphonesimulator";
				SUPPORTS_MACCATALYST = YES;
				SUPPORTS_MAC_DESIGNED_FOR_IPHONE_IPAD = NO;
				SWIFT_EMIT_LOC_STRINGS = YES;
				SWIFT_VERSION = 5.0;
				TARGETED_DEVICE_FAMILY = "1,2";
			};
			name = Release;
		};
/* End XCBuildConfiguration section */

/* Begin XCConfigurationList section */
		0A86D0DF2AAAF20E00E2B60E /* Build configuration list for PBXProject "Server Monitor" */ = {
			isa = XCConfigurationList;
			buildConfigurations = (
				0A86D0F12AAAF21300E2B60E /* Debug */,
				0A86D0F22AAAF21300E2B60E /* Release */,
			);
			defaultConfigurationIsVisible = 0;
			defaultConfigurationName = Release;
		};
		0A86D0F32AAAF21300E2B60E /* Build configuration list for PBXNativeTarget "Server Monitor" */ = {
			isa = XCConfigurationList;
			buildConfigurations = (
				0A86D0F42AAAF21300E2B60E /* Debug */,
				0A86D0F52AAAF21300E2B60E /* Release */,
			);
			defaultConfigurationIsVisible = 0;
			defaultConfigurationName = Release;
		};
/* End XCConfigurationList section */

/* Begin XCRemoteSwiftPackageReference section */
		0A86E0532AAB2DDD00D11461 /* XCRemoteSwiftPackageReference "Kingfisher" */ = {
			isa = XCRemoteSwiftPackageReference;
			repositoryURL = "https://github.com/onevcat/Kingfisher";
			requirement = {
				kind = versionRange;
				maximumVersion = 8.0.0;
				minimumVersion = 7.9.1;
			};
		};
		0A9933672B1261A8004846B5 /* XCRemoteSwiftPackageReference "Anitom" */ = {
			isa = XCRemoteSwiftPackageReference;
			repositoryURL = "https://github.com/weirui-kong/Anitom";
			requirement = {
				kind = upToNextMajorVersion;
				minimumVersion = 1.0.4;
			};
		};
		0ACAEE2D2B4AB14A0094A6C0 /* XCRemoteSwiftPackageReference "Starscream" */ = {
			isa = XCRemoteSwiftPackageReference;
			repositoryURL = "https://github.com/daltoniam/Starscream.git";
			requirement = {
				kind = upToNextMajorVersion;
				minimumVersion = 4.0.6;
			};
		};
		0AE022C62AAAF996001F0D8C /* XCRemoteSwiftPackageReference "Alamofire" */ = {
			isa = XCRemoteSwiftPackageReference;
			repositoryURL = "https://github.com/Alamofire/Alamofire";
			requirement = {
				kind = versionRange;
				maximumVersion = 6.0.0;
				minimumVersion = 5.8.0;
			};
		};
/* End XCRemoteSwiftPackageReference section */

/* Begin XCSwiftPackageProductDependency section */
		0A86E0542AAB2DDD00D11461 /* Kingfisher */ = {
			isa = XCSwiftPackageProductDependency;
			package = 0A86E0532AAB2DDD00D11461 /* XCRemoteSwiftPackageReference "Kingfisher" */;
			productName = Kingfisher;
		};
		0A9933682B1261A8004846B5 /* Anitom */ = {
			isa = XCSwiftPackageProductDependency;
			package = 0A9933672B1261A8004846B5 /* XCRemoteSwiftPackageReference "Anitom" */;
			productName = Anitom;
		};
		0ACAEE2E2B4AB14A0094A6C0 /* Starscream */ = {
			isa = XCSwiftPackageProductDependency;
			package = 0ACAEE2D2B4AB14A0094A6C0 /* XCRemoteSwiftPackageReference "Starscream" */;
			productName = Starscream;
		};
		0AE022C72AAAF996001F0D8C /* Alamofire */ = {
			isa = XCSwiftPackageProductDependency;
			package = 0AE022C62AAAF996001F0D8C /* XCRemoteSwiftPackageReference "Alamofire" */;
			productName = Alamofire;
		};
/* End XCSwiftPackageProductDependency section */
	};
	rootObject = 0A86D0DC2AAAF20E00E2B60E /* Project object */;
}
